
Microsoft Visual Studio Solution File, Format Version 12.00
# Visual Studio Version 17
VisualStudioVersion = 17.0.31903.59
MinimumVisualStudioVersion = 10.0.40219.1
Project("{2150E333-8FDC-42A3-9474-1A3956D46DE8}") = "src", "src", "{827E0CD3-B72D-47B6-A68D-7590B98EB39B}"
EndProject
Project("{FAE04EC0-301F-11D3-BF4B-00C04F79EFBC}") = "BackendV2.Api", "src\BackendV2.Api\BackendV2.Api.csproj", "{66179451-8590-4DBC-996D-44DDFF3C66ED}"
EndProject
Project("{2150E333-8FDC-42A3-9474-1A3956D46DE8}") = "tests", "tests", "{0AB3BF05-4346-4AA6-1389-037BE0695223}"
EndProject
Project("{FAE04EC0-301F-11D3-BF4B-00C04F79EFBC}") = "BackendV2.Api.Tests", "tests\BackendV2.Api.Tests\BackendV2.Api.Tests.csproj", "{9A72CAFD-7F0D-4C20-B410-F087BBF70487}"
EndProject
Global
	GlobalSection(SolutionConfigurationPlatforms) = preSolution
		Debug|Any CPU = Debug|Any CPU
		Debug|x64 = Debug|x64
		Debug|x86 = Debug|x86
		Release|Any CPU = Release|Any CPU
		Release|x64 = Release|x64
		Release|x86 = Release|x86
	EndGlobalSection
	GlobalSection(ProjectConfigurationPlatforms) = postSolution
		{66179451-8590-4DBC-996D-44DDFF3C66ED}.Debug|Any CPU.ActiveCfg = Debug|Any CPU
		{66179451-8590-4DBC-996D-44DDFF3C66ED}.Debug|Any CPU.Build.0 = Debug|Any CPU
		{66179451-8590-4DBC-996D-44DDFF3C66ED}.Debug|x64.ActiveCfg = Debug|Any CPU
		{66179451-8590-4DBC-996D-44DDFF3C66ED}.Debug|x64.Build.0 = Debug|Any CPU
		{66179451-8590-4DBC-996D-44DDFF3C66ED}.Debug|x86.ActiveCfg = Debug|Any CPU
		{66179451-8590-4DBC-996D-44DDFF3C66ED}.Debug|x86.Build.0 = Debug|Any CPU
		{66179451-8590-4DBC-996D-44DDFF3C66ED}.Release|Any CPU.ActiveCfg = Release|Any CPU
		{66179451-8590-4DBC-996D-44DDFF3C66ED}.Release|Any CPU.Build.0 = Release|Any CPU
		{66179451-8590-4DBC-996D-44DDFF3C66ED}.Release|x64.ActiveCfg = Release|Any CPU
		{66179451-8590-4DBC-996D-44DDFF3C66ED}.Release|x64.Build.0 = Release|Any CPU
		{66179451-8590-4DBC-996D-44DDFF3C66ED}.Release|x86.ActiveCfg = Release|Any CPU
		{66179451-8590-4DBC-996D-44DDFF3C66ED}.Release|x86.Build.0 = Release|Any CPU
		{9A72CAFD-7F0D-4C20-B410-F087BBF70487}.Debug|Any CPU.ActiveCfg = Debug|Any CPU
		{9A72CAFD-7F0D-4C20-B410-F087BBF70487}.Debug|Any CPU.Build.0 = Debug|Any CPU
		{9A72CAFD-7F0D-4C20-B410-F087BBF70487}.Debug|x64.ActiveCfg = Debug|Any CPU
		{9A72CAFD-7F0D-4C20-B410-F087BBF70487}.Debug|x64.Build.0 = Debug|Any CPU
		{9A72CAFD-7F0D-4C20-B410-F087BBF70487}.Debug|x86.ActiveCfg = Debug|Any CPU
		{9A72CAFD-7F0D-4C20-B410-F087BBF70487}.Debug|x86.Build.0 = Debug|Any CPU
		{9A72CAFD-7F0D-4C20-B410-F087BBF70487}.Release|Any CPU.ActiveCfg = Release|Any CPU
		{9A72CAFD-7F0D-4C20-B410-F087BBF70487}.Release|Any CPU.Build.0 = Release|Any CPU
		{9A72CAFD-7F0D-4C20-B410-F087BBF70487}.Release|x64.ActiveCfg = Release|Any CPU
		{9A72CAFD-7F0D-4C20-B410-F087BBF70487}.Release|x64.Build.0 = Release|Any CPU
		{9A72CAFD-7F0D-4C20-B410-F087BBF70487}.Release|x86.ActiveCfg = Release|Any CPU
		{9A72CAFD-7F0D-4C20-B410-F087BBF70487}.Release|x86.Build.0 = Release|Any CPU
	EndGlobalSection
	GlobalSection(SolutionProperties) = preSolution
		HideSolutionNode = FALSE
	EndGlobalSection
	GlobalSection(NestedProjects) = preSolution
		{66179451-8590-4DBC-996D-44DDFF3C66ED} = {827E0CD3-B72D-47B6-A68D-7590B98EB39B}
		{9A72CAFD-7F0D-4C20-B410-F087BBF70487} = {0AB3BF05-4346-4AA6-1389-037BE0695223}
	EndGlobalSection
EndGlobal
